
Microsoft Visual Studio Solution File, Format Version 12.00
# Visual Studio 15
VisualStudioVersion = 15.0.28307.329
MinimumVisualStudioVersion = 10.0.40219.1
Project("{FAE04EC0-301F-11D3-BF4B-00C04F79EFBC}") = "UnitOfWorkApp.WebUI", "UnitOfWorkApp.WebUI\UnitOfWorkApp.WebUI.csproj", "{3AAB1B89-43B1-4D37-B125-B7E68A97DAFC}"
EndProject
Project("{FAE04EC0-301F-11D3-BF4B-00C04F79EFBC}") = "UnitOfWorkApp.Domain", "UnitOfWorkApp.Domain\UnitOfWorkApp.Domain.csproj", "{BA91EDF8-63C3-4923-A82C-9345ED990ED6}"
EndProject
Global
	GlobalSection(SolutionConfigurationPlatforms) = preSolution
		Debug|Any CPU = Debug|Any CPU
		Release|Any CPU = Release|Any CPU
	EndGlobalSection
	GlobalSection(ProjectConfigurationPlatforms) = postSolution
		{3AAB1B89-43B1-4D37-B125-B7E68A97DAFC}.Debug|Any CPU.ActiveCfg = Debug|Any CPU
		{3AAB1B89-43B1-4D37-B125-B7E68A97DAFC}.Debug|Any CPU.Build.0 = Debug|Any CPU
		{3AAB1B89-43B1-4D37-B125-B7E68A97DAFC}.Release|Any CPU.ActiveCfg = Release|Any CPU
		{3AAB1B89-43B1-4D37-B125-B7E68A97DAFC}.Release|Any CPU.Build.0 = Release|Any CPU
		{BA91EDF8-63C3-4923-A82C-9345ED990ED6}.Debug|Any CPU.ActiveCfg = Debug|Any CPU
		{BA91EDF8-63C3-4923-A82C-9345ED990ED6}.Debug|Any CPU.Build.0 = Debug|Any CPU
		{BA91EDF8-63C3-4923-A82C-9345ED990ED6}.Release|Any CPU.ActiveCfg = Release|Any CPU
		{BA91EDF8-63C3-4923-A82C-9345ED990ED6}.Release|Any CPU.Build.0 = Release|Any CPU
	EndGlobalSection
	GlobalSection(SolutionProperties) = preSolution
		HideSolutionNode = FALSE
	EndGlobalSection
	GlobalSection(ExtensibilityGlobals) = postSolution
		SolutionGuid = {D9CEDE1F-2238-4881-9048-221C7D89DA15}
	EndGlobalSection
EndGlobal
